<?xml version="1.0" encoding="utf-8"?>
<Project ToolsVersion="4.0" xmlns="http://schemas.microsoft.com/developer/msbuild/2003">
  <ItemGroup>
    <Filter Include="リソース ファイル">
      <UniqueIdentifier>{67DA6AB6-F800-4c08-8B7A-83BB121AAD01}</UniqueIdentifier>
      <Extensions>rc;ico;cur;bmp;dlg;rc2;rct;bin;rgs;gif;jpg;jpeg;jpe;resx;tiff;tif;png;wav;mfcribbon-ms</Extensions>
    </Filter>
    <Filter Include="src">
      <UniqueIdentifier>{3045ea34-b206-43df-ada8-d0752df7edad}</UniqueIdentifier>
    </Filter>
    <Filter Include="include">
      <UniqueIdentifier>{2217146f-5f55-4809-95a7-1734fcbf4a08}</UniqueIdentifier>
    </Filter>
    <Filter Include="include\crow">
      <UniqueIdentifier>{81146fda-507a-4657-b451-8d577fe8c293}</UniqueIdentifier>
    </Filter>
  </ItemGroup>
  <ItemGroup>
    <ClCompile Include="main.cpp">
      <Filter>src</Filter>
    </ClCompile>
    <ClCompile Include="test_boost.cpp">
      <Filter>src</Filter>
    </ClCompile>
  </ItemGroup>
  <ItemGroup>
    <ClInclude Include="..\..\Crow-master\Crow-master\include\crow\app.h">
      <Filter>include\crow</Filter>
    </ClInclude>
    <ClInclude Include="..\..\Crow-master\Crow-master\include\crow\ci_map.h">
      <Filter>include\crow</Filter>
    </ClInclude>
    <ClInclude Include="..\..\Crow-master\Crow-master\include\crow\common.h">
      <Filter>include\crow</Filter>
    </ClInclude>
    <ClInclude Include="..\..\Crow-master\Crow-master\include\crow\compression.h">
      <Filter>include\crow</Filter>
    </ClInclude>
    <ClInclude Include="..\..\Crow-master\Crow-master\include\crow\exceptions.h">
      <Filter>include\crow</Filter>
    </ClInclude>
    <ClInclude Include="..\..\Crow-master\Crow-master\include\crow\http_connection.h">
      <Filter>include\crow</Filter>
    </ClInclude>
    <ClInclude Include="..\..\Crow-master\Crow-master\include\crow\http_parser_merged.h">
      <Filter>include\crow</Filter>
    </ClInclude>
    <ClInclude Include="..\..\Crow-master\Crow-master\include\crow\http_request.h">
      <Filter>include\crow</Filter>
    </ClInclude>
    <ClInclude Include="..\..\Crow-master\Crow-master\include\crow\http_response.h">
      <Filter>include\crow</Filter>
    </ClInclude>
    <ClInclude Include="..\..\Crow-master\Crow-master\include\crow\http_server.h">
      <Filter>include\crow</Filter>
    </ClInclude>
    <ClInclude Include="..\..\Crow-master\Crow-master\include\crow\json.h">
      <Filter>include\crow</Filter>
    </ClInclude>
    <ClInclude Include="..\..\Crow-master\Crow-master\include\crow\logging.h">
      <Filter>include\crow</Filter>
    </ClInclude>
    <ClInclude Include="..\..\Crow-master\Crow-master\include\crow\middleware.h">
      <Filter>include\crow</Filter>
    </ClInclude>
    <ClInclude Include="..\..\Crow-master\Crow-master\include\crow\middlewares\cookie_parser.h">
      <Filter>include\crow</Filter>
    </ClInclude>
    <ClInclude Include="..\..\Crow-master\Crow-master\include\crow\middlewares\cors.h">
      <Filter>include\crow</Filter>
    </ClInclude>
    <ClInclude Include="..\..\Crow-master\Crow-master\include\crow\middlewares\session.h">
      <Filter>include\crow</Filter>
    </ClInclude>
    <ClInclude Include="..\..\Crow-master\Crow-master\include\crow\middlewares\utf-8.h">
      <Filter>include\crow</Filter>
    </ClInclude>
    <ClInclude Include="..\..\Crow-master\Crow-master\include\crow\middleware_context.h">
      <Filter>include\crow</Filter>
    </ClInclude>
    <ClInclude Include="..\..\Crow-master\Crow-master\include\crow\mime_types.h">
      <Filter>include\crow</Filter>
    </ClInclude>
    <ClInclude Include="..\..\Crow-master\Crow-master\include\crow\multipart.h">
      <Filter>include\crow</Filter>
    </ClInclude>
    <ClInclude Include="..\..\Crow-master\Crow-master\include\crow\multipart_view.h">
      <Filter>include\crow</Filter>
    </ClInclude>
    <ClInclude Include="..\..\Crow-master\Crow-master\include\crow\mustache.h">
      <Filter>include\crow</Filter>
    </ClInclude>
    <ClInclude Include="..\..\Crow-master\Crow-master\include\crow\parser.h">
      <Filter>include\crow</Filter>
    </ClInclude>
    <ClInclude Include="..\..\Crow-master\Crow-master\include\crow\query_string.h">
      <Filter>include\crow</Filter>
    </ClInclude>
    <ClInclude Include="..\..\Crow-master\Crow-master\include\crow\returnable.h">
      <Filter>include\crow</Filter>
    </ClInclude>
    <ClInclude Include="..\..\Crow-master\Crow-master\include\crow\routing.h">
      <Filter>include\crow</Filter>
    </ClInclude>
    <ClInclude Include="..\..\Crow-master\Crow-master\include\crow\settings.h">
      <Filter>include\crow</Filter>
    </ClInclude>
    <ClInclude Include="..\..\Crow-master\Crow-master\include\crow\socket_acceptors.h">
      <Filter>include\crow</Filter>
    </ClInclude>
    <ClInclude Include="..\..\Crow-master\Crow-master\include\crow\socket_adaptors.h">
      <Filter>include\crow</Filter>
    </ClInclude>
    <ClInclude Include="..\..\Crow-master\Crow-master\include\crow\task_timer.h">
      <Filter>include\crow</Filter>
    </ClInclude>
    <ClInclude Include="..\..\Crow-master\Crow-master\include\crow\TinySHA1.hpp">
      <Filter>include\crow</Filter>
    </ClInclude>
    <ClInclude Include="..\..\Crow-master\Crow-master\include\crow\utility.h">
      <Filter>include\crow</Filter>
    </ClInclude>
    <ClInclude Include="..\..\Crow-master\Crow-master\include\crow\version.h">
      <Filter>include\crow</Filter>
    </ClInclude>
    <ClInclude Include="..\..\Crow-master\Crow-master\include\crow\websocket.h">
      <Filter>include\crow</Filter>
    </ClInclude>
    <ClInclude Include="..\..\Crow-master\Crow-master\include\crow.h">
      <Filter>include</Filter>
    </ClInclude>
  </ItemGroup>
</Project>