<?xml version="1.0" encoding="utf-8"?>
<Project ToolsVersion="4.0" xmlns="http://schemas.microsoft.com/developer/msbuild/2003">
  <ItemGroup>
    <Filter Include="ソース ファイル">
      <UniqueIdentifier>{4FC737F1-C7A5-4376-A066-2A32D752A2FF}</UniqueIdentifier>
      <Extensions>cpp;c;cc;cxx;c++;cppm;ixx;def;odl;idl;hpj;bat;asm;asmx</Extensions>
    </Filter>
    <Filter Include="ヘッダー ファイル">
      <UniqueIdentifier>{93995380-89BD-4b04-88EB-625FBE52EBFB}</UniqueIdentifier>
      <Extensions>h;hh;hpp;hxx;h++;hm;inl;inc;ipp;xsd</Extensions>
    </Filter>
    <Filter Include="リソース ファイル">
      <UniqueIdentifier>{67DA6AB6-F800-4c08-8B7A-83BB121AAD01}</UniqueIdentifier>
      <Extensions>rc;ico;cur;bmp;dlg;rc2;rct;bin;rgs;gif;jpg;jpeg;jpe;resx;tiff;tif;png;wav;mfcribbon-ms</Extensions>
    </Filter>
    <Filter Include="include">
      <UniqueIdentifier>{9d163b33-634e-4eda-8053-ba65af90926f}</UniqueIdentifier>
    </Filter>
    <Filter Include="src">
      <UniqueIdentifier>{3045ea34-b206-43df-ada8-d0752df7edad}</UniqueIdentifier>
    </Filter>
  </ItemGroup>
  <ItemGroup>
    <ClInclude Include="..\..\..\..\Downloads\Crow-master\Crow-master\include\crow\app.h">
      <Filter>include</Filter>
    </ClInclude>
    <ClInclude Include="..\..\..\..\Downloads\Crow-master\Crow-master\include\crow\ci_map.h">
      <Filter>include</Filter>
    </ClInclude>
    <ClInclude Include="..\..\..\..\Downloads\Crow-master\Crow-master\include\crow\common.h">
      <Filter>include</Filter>
    </ClInclude>
    <ClInclude Include="..\..\..\..\Downloads\Crow-master\Crow-master\include\crow\compression.h">
      <Filter>include</Filter>
    </ClInclude>
    <ClInclude Include="..\..\..\..\Downloads\Crow-master\Crow-master\include\crow\exceptions.h">
      <Filter>include</Filter>
    </ClInclude>
    <ClInclude Include="..\..\..\..\Downloads\Crow-master\Crow-master\include\crow\http_connection.h">
      <Filter>include</Filter>
    </ClInclude>
    <ClInclude Include="..\..\..\..\Downloads\Crow-master\Crow-master\include\crow\http_parser_merged.h">
      <Filter>include</Filter>
    </ClInclude>
    <ClInclude Include="..\..\..\..\Downloads\Crow-master\Crow-master\include\crow\http_request.h">
      <Filter>include</Filter>
    </ClInclude>
    <ClInclude Include="..\..\..\..\Downloads\Crow-master\Crow-master\include\crow\http_response.h">
      <Filter>include</Filter>
    </ClInclude>
    <ClInclude Include="..\..\..\..\Downloads\Crow-master\Crow-master\include\crow\http_server.h">
      <Filter>include</Filter>
    </ClInclude>
    <ClInclude Include="..\..\..\..\Downloads\Crow-master\Crow-master\include\crow\json.h">
      <Filter>include</Filter>
    </ClInclude>
    <ClInclude Include="..\..\..\..\Downloads\Crow-master\Crow-master\include\crow\logging.h">
      <Filter>include</Filter>
    </ClInclude>
    <ClInclude Include="..\..\..\..\Downloads\Crow-master\Crow-master\include\crow\middleware.h">
      <Filter>include</Filter>
    </ClInclude>
    <ClInclude Include="..\..\..\..\Downloads\Crow-master\Crow-master\include\crow\middlewares\cookie_parser.h">
      <Filter>include</Filter>
    </ClInclude>
    <ClInclude Include="..\..\..\..\Downloads\Crow-master\Crow-master\include\crow\middlewares\cors.h">
      <Filter>include</Filter>
    </ClInclude>
    <ClInclude Include="..\..\..\..\Downloads\Crow-master\Crow-master\include\crow\middlewares\session.h">
      <Filter>include</Filter>
    </ClInclude>
    <ClInclude Include="..\..\..\..\Downloads\Crow-master\Crow-master\include\crow\middlewares\utf-8.h">
      <Filter>include</Filter>
    </ClInclude>
    <ClInclude Include="..\..\..\..\Downloads\Crow-master\Crow-master\include\crow\middleware_context.h">
      <Filter>include</Filter>
    </ClInclude>
    <ClInclude Include="..\..\..\..\Downloads\Crow-master\Crow-master\include\crow\mime_types.h">
      <Filter>include</Filter>
    </ClInclude>
    <ClInclude Include="..\..\..\..\Downloads\Crow-master\Crow-master\include\crow\multipart.h">
      <Filter>include</Filter>
    </ClInclude>
    <ClInclude Include="..\..\..\..\Downloads\Crow-master\Crow-master\include\crow\multipart_view.h">
      <Filter>include</Filter>
    </ClInclude>
    <ClInclude Include="..\..\..\..\Downloads\Crow-master\Crow-master\include\crow\mustache.h">
      <Filter>include</Filter>
    </ClInclude>
    <ClInclude Include="..\..\..\..\Downloads\Crow-master\Crow-master\include\crow\parser.h">
      <Filter>include</Filter>
    </ClInclude>
    <ClInclude Include="..\..\..\..\Downloads\Crow-master\Crow-master\include\crow\query_string.h">
      <Filter>include</Filter>
    </ClInclude>
    <ClInclude Include="..\..\..\..\Downloads\Crow-master\Crow-master\include\crow\returnable.h">
      <Filter>include</Filter>
    </ClInclude>
    <ClInclude Include="..\..\..\..\Downloads\Crow-master\Crow-master\include\crow\routing.h">
      <Filter>include</Filter>
    </ClInclude>
    <ClInclude Include="..\..\..\..\Downloads\Crow-master\Crow-master\include\crow\settings.h">
      <Filter>include</Filter>
    </ClInclude>
    <ClInclude Include="..\..\..\..\Downloads\Crow-master\Crow-master\include\crow\socket_acceptors.h">
      <Filter>include</Filter>
    </ClInclude>
    <ClInclude Include="..\..\..\..\Downloads\Crow-master\Crow-master\include\crow\socket_adaptors.h">
      <Filter>include</Filter>
    </ClInclude>
    <ClInclude Include="..\..\..\..\Downloads\Crow-master\Crow-master\include\crow\task_timer.h">
      <Filter>include</Filter>
    </ClInclude>
    <ClInclude Include="..\..\..\..\Downloads\Crow-master\Crow-master\include\crow\TinySHA1.hpp">
      <Filter>include</Filter>
    </ClInclude>
    <ClInclude Include="..\..\..\..\Downloads\Crow-master\Crow-master\include\crow\utility.h">
      <Filter>include</Filter>
    </ClInclude>
    <ClInclude Include="..\..\..\..\Downloads\Crow-master\Crow-master\include\crow\version.h">
      <Filter>include</Filter>
    </ClInclude>
    <ClInclude Include="..\..\..\..\Downloads\Crow-master\Crow-master\include\crow\websocket.h">
      <Filter>include</Filter>
    </ClInclude>
    <ClInclude Include="..\..\..\..\Downloads\Crow-master\Crow-master\include\crow.h">
      <Filter>include</Filter>
    </ClInclude>
  </ItemGroup>
  <ItemGroup>
    <ClCompile Include="main.cpp">
      <Filter>ソース ファイル</Filter>
    </ClCompile>
  </ItemGroup>
</Project>